// !$*UTF8*$!
{
	archiveVersion = 1;
	classes = {
	};
	objectVersion = 48;
	objects = {

/* Begin PBXBuildFile section */
		01D6C1243254363D8EA4A952 /* Pods_NewsFlash.framework in Frameworks */ = {isa = PBXBuildFile; fileRef = 36908B06EF77815CF93009FD /* Pods_NewsFlash.framework */; };
		0B9AD52D1F772987000CCDFE /* AppDelegate.swift in Sources */ = {isa = PBXBuildFile; fileRef = 0B9AD52C1F772987000CCDFE /* AppDelegate.swift */; };
		0B9AD5341F772987000CCDFE /* Assets.xcassets in Resources */ = {isa = PBXBuildFile; fileRef = 0B9AD5331F772987000CCDFE /* Assets.xcassets */; };
		0B9AD5371F772987000CCDFE /* LaunchScreen.storyboard in Resources */ = {isa = PBXBuildFile; fileRef = 0B9AD5351F772987000CCDFE /* LaunchScreen.storyboard */; };
		0B9AD5421F772987000CCDFE /* NewsFlashTests.swift in Sources */ = {isa = PBXBuildFile; fileRef = 0B9AD5411F772987000CCDFE /* NewsFlashTests.swift */; };
		0B9AD54D1F772987000CCDFE /* NewsFlashUITests.swift in Sources */ = {isa = PBXBuildFile; fileRef = 0B9AD54C1F772987000CCDFE /* NewsFlashUITests.swift */; };
		0B9AD55D1F7731E1000CCDFE /* HomeViewController.swift in Sources */ = {isa = PBXBuildFile; fileRef = 0B9AD55C1F7731E1000CCDFE /* HomeViewController.swift */; };
		0B9AD5601F773584000CCDFE /* HomeView.swift in Sources */ = {isa = PBXBuildFile; fileRef = 0B9AD55F1F773584000CCDFE /* HomeView.swift */; };
		C0AC5A79519CD79B8C6FA769 /* Pods_NewsFlashTests.framework in Frameworks */ = {isa = PBXBuildFile; fileRef = EE918E83DDCC2E75FD6BE444 /* Pods_NewsFlashTests.framework */; };
		D2DE96B450604F2E43D8D53D /* Pods_NewsFlashUITests.framework in Frameworks */ = {isa = PBXBuildFile; fileRef = D1C5BA058CFCF2975858F866 /* Pods_NewsFlashUITests.framework */; };
/* End PBXBuildFile section */

/* Begin PBXContainerItemProxy section */
		0B9AD53E1F772987000CCDFE /* PBXContainerItemProxy */ = {
			isa = PBXContainerItemProxy;
			containerPortal = 0B9AD5211F772987000CCDFE /* Project object */;
			proxyType = 1;
			remoteGlobalIDString = 0B9AD5281F772987000CCDFE;
			remoteInfo = NewsFlash;
		};
		0B9AD5491F772987000CCDFE /* PBXContainerItemProxy */ = {
			isa = PBXContainerItemProxy;
			containerPortal = 0B9AD5211F772987000CCDFE /* Project object */;
			proxyType = 1;
			remoteGlobalIDString = 0B9AD5281F772987000CCDFE;
			remoteInfo = NewsFlash;
		};
/* End PBXContainerItemProxy section */

/* Begin PBXFileReference section */
		0B9AD5291F772987000CCDFE /* NewsFlash.app */ = {isa = PBXFileReference; explicitFileType = wrapper.application; includeInIndex = 0; path = NewsFlash.app; sourceTree = BUILT_PRODUCTS_DIR; };
		0B9AD52C1F772987000CCDFE /* AppDelegate.swift */ = {isa = PBXFileReference; lastKnownFileType = sourcecode.swift; path = AppDelegate.swift; sourceTree = "<group>"; };
		0B9AD5331F772987000CCDFE /* Assets.xcassets */ = {isa = PBXFileReference; lastKnownFileType = folder.assetcatalog; path = Assets.xcassets; sourceTree = "<group>"; };
		0B9AD5361F772987000CCDFE /* Base */ = {isa = PBXFileReference; lastKnownFileType = file.storyboard; name = Base; path = Base.lproj/LaunchScreen.storyboard; sourceTree = "<group>"; };
		0B9AD5381F772987000CCDFE /* Info.plist */ = {isa = PBXFileReference; lastKnownFileType = text.plist.xml; path = Info.plist; sourceTree = "<group>"; };
		0B9AD53D1F772987000CCDFE /* NewsFlashTests.xctest */ = {isa = PBXFileReference; explicitFileType = wrapper.cfbundle; includeInIndex = 0; path = NewsFlashTests.xctest; sourceTree = BUILT_PRODUCTS_DIR; };
		0B9AD5411F772987000CCDFE /* NewsFlashTests.swift */ = {isa = PBXFileReference; lastKnownFileType = sourcecode.swift; path = NewsFlashTests.swift; sourceTree = "<group>"; };
		0B9AD5431F772987000CCDFE /* Info.plist */ = {isa = PBXFileReference; lastKnownFileType = text.plist.xml; path = Info.plist; sourceTree = "<group>"; };
		0B9AD5481F772987000CCDFE /* NewsFlashUITests.xctest */ = {isa = PBXFileReference; explicitFileType = wrapper.cfbundle; includeInIndex = 0; path = NewsFlashUITests.xctest; sourceTree = BUILT_PRODUCTS_DIR; };
		0B9AD54C1F772987000CCDFE /* NewsFlashUITests.swift */ = {isa = PBXFileReference; lastKnownFileType = sourcecode.swift; path = NewsFlashUITests.swift; sourceTree = "<group>"; };
		0B9AD54E1F772987000CCDFE /* Info.plist */ = {isa = PBXFileReference; lastKnownFileType = text.plist.xml; path = Info.plist; sourceTree = "<group>"; };
		0B9AD55C1F7731E1000CCDFE /* HomeViewController.swift */ = {isa = PBXFileReference; lastKnownFileType = sourcecode.swift; path = HomeViewController.swift; sourceTree = "<group>"; };
		0B9AD55F1F773584000CCDFE /* HomeView.swift */ = {isa = PBXFileReference; lastKnownFileType = sourcecode.swift; path = HomeView.swift; sourceTree = "<group>"; };
		0C7C1C14EBEECA50FEAD2653 /* Pods-NewsFlashTests.debug.xcconfig */ = {isa = PBXFileReference; includeInIndex = 1; lastKnownFileType = text.xcconfig; name = "Pods-NewsFlashTests.debug.xcconfig"; path = "Pods/Target Support Files/Pods-NewsFlashTests/Pods-NewsFlashTests.debug.xcconfig"; sourceTree = "<group>"; };
		12163959B412F17C01943FC2 /* Pods-NewsFlash.debug.xcconfig */ = {isa = PBXFileReference; includeInIndex = 1; lastKnownFileType = text.xcconfig; name = "Pods-NewsFlash.debug.xcconfig"; path = "Pods/Target Support Files/Pods-NewsFlash/Pods-NewsFlash.debug.xcconfig"; sourceTree = "<group>"; };
		36908B06EF77815CF93009FD /* Pods_NewsFlash.framework */ = {isa = PBXFileReference; explicitFileType = wrapper.framework; includeInIndex = 0; path = Pods_NewsFlash.framework; sourceTree = BUILT_PRODUCTS_DIR; };
		44F537AE3A930228710EF974 /* Pods-NewsFlashUITests.debug.xcconfig */ = {isa = PBXFileReference; includeInIndex = 1; lastKnownFileType = text.xcconfig; name = "Pods-NewsFlashUITests.debug.xcconfig"; path = "Pods/Target Support Files/Pods-NewsFlashUITests/Pods-NewsFlashUITests.debug.xcconfig"; sourceTree = "<group>"; };
		4E2A0C107263B53224DD22DD /* Pods-NewsFlash.release.xcconfig */ = {isa = PBXFileReference; includeInIndex = 1; lastKnownFileType = text.xcconfig; name = "Pods-NewsFlash.release.xcconfig"; path = "Pods/Target Support Files/Pods-NewsFlash/Pods-NewsFlash.release.xcconfig"; sourceTree = "<group>"; };
		6FAAE8FEE4F80ACFD80442A3 /* Pods-NewsFlashTests.release.xcconfig */ = {isa = PBXFileReference; includeInIndex = 1; lastKnownFileType = text.xcconfig; name = "Pods-NewsFlashTests.release.xcconfig"; path = "Pods/Target Support Files/Pods-NewsFlashTests/Pods-NewsFlashTests.release.xcconfig"; sourceTree = "<group>"; };
		D1C5BA058CFCF2975858F866 /* Pods_NewsFlashUITests.framework */ = {isa = PBXFileReference; explicitFileType = wrapper.framework; includeInIndex = 0; path = Pods_NewsFlashUITests.framework; sourceTree = BUILT_PRODUCTS_DIR; };
		EE918E83DDCC2E75FD6BE444 /* Pods_NewsFlashTests.framework */ = {isa = PBXFileReference; explicitFileType = wrapper.framework; includeInIndex = 0; path = Pods_NewsFlashTests.framework; sourceTree = BUILT_PRODUCTS_DIR; };
		F05B68B3DAACDB7E860310E1 /* Pods-NewsFlashUITests.release.xcconfig */ = {isa = PBXFileReference; includeInIndex = 1; lastKnownFileType = text.xcconfig; name = "Pods-NewsFlashUITests.release.xcconfig"; path = "Pods/Target Support Files/Pods-NewsFlashUITests/Pods-NewsFlashUITests.release.xcconfig"; sourceTree = "<group>"; };
/* End PBXFileReference section */

/* Begin PBXFrameworksBuildPhase section */
		0B9AD5261F772987000CCDFE /* Frameworks */ = {
			isa = PBXFrameworksBuildPhase;
			buildActionMask = 2147483647;
			files = (
				01D6C1243254363D8EA4A952 /* Pods_NewsFlash.framework in Frameworks */,
			);
			runOnlyForDeploymentPostprocessing = 0;
		};
		0B9AD53A1F772987000CCDFE /* Frameworks */ = {
			isa = PBXFrameworksBuildPhase;
			buildActionMask = 2147483647;
			files = (
				C0AC5A79519CD79B8C6FA769 /* Pods_NewsFlashTests.framework in Frameworks */,
			);
			runOnlyForDeploymentPostprocessing = 0;
		};
		0B9AD5451F772987000CCDFE /* Frameworks */ = {
			isa = PBXFrameworksBuildPhase;
			buildActionMask = 2147483647;
			files = (
				D2DE96B450604F2E43D8D53D /* Pods_NewsFlashUITests.framework in Frameworks */,
			);
			runOnlyForDeploymentPostprocessing = 0;
		};
/* End PBXFrameworksBuildPhase section */

/* Begin PBXGroup section */
		0B9AD5201F772987000CCDFE = {
			isa = PBXGroup;
			children = (
				0B9AD52B1F772987000CCDFE /* NewsFlash */,
				0B9AD5401F772987000CCDFE /* NewsFlashTests */,
				0B9AD54B1F772987000CCDFE /* NewsFlashUITests */,
				0B9AD52A1F772987000CCDFE /* Products */,
				5D6370F33975014A5FF1DE23 /* Pods */,
				1B88159ACF2CF6531BF52CF4 /* Frameworks */,
			);
			sourceTree = "<group>";
		};
		0B9AD52A1F772987000CCDFE /* Products */ = {
			isa = PBXGroup;
			children = (
				0B9AD5291F772987000CCDFE /* NewsFlash.app */,
				0B9AD53D1F772987000CCDFE /* NewsFlashTests.xctest */,
				0B9AD5481F772987000CCDFE /* NewsFlashUITests.xctest */,
			);
			name = Products;
			sourceTree = "<group>";
		};
		0B9AD52B1F772987000CCDFE /* NewsFlash */ = {
			isa = PBXGroup;
			children = (
				0B9AD55A1F7731B3000CCDFE /* screens */,
				0B9AD52C1F772987000CCDFE /* AppDelegate.swift */,
				0B9AD5331F772987000CCDFE /* Assets.xcassets */,
				0B9AD5351F772987000CCDFE /* LaunchScreen.storyboard */,
				0B9AD5381F772987000CCDFE /* Info.plist */,
			);
			path = NewsFlash;
			sourceTree = "<group>";
		};
		0B9AD5401F772987000CCDFE /* NewsFlashTests */ = {
			isa = PBXGroup;
			children = (
				0B9AD5411F772987000CCDFE /* NewsFlashTests.swift */,
				0B9AD5431F772987000CCDFE /* Info.plist */,
			);
			path = NewsFlashTests;
			sourceTree = "<group>";
		};
		0B9AD54B1F772987000CCDFE /* NewsFlashUITests */ = {
			isa = PBXGroup;
			children = (
				0B9AD54C1F772987000CCDFE /* NewsFlashUITests.swift */,
				0B9AD54E1F772987000CCDFE /* Info.plist */,
			);
			path = NewsFlashUITests;
			sourceTree = "<group>";
		};
		0B9AD55A1F7731B3000CCDFE /* screens */ = {
			isa = PBXGroup;
			children = (
				0B9AD55B1F7731C5000CCDFE /* Home */,
			);
			path = screens;
			sourceTree = "<group>";
		};
		0B9AD55B1F7731C5000CCDFE /* Home */ = {
			isa = PBXGroup;
			children = (
				0B9AD55E1F773572000CCDFE /* Views */,
				0B9AD55C1F7731E1000CCDFE /* HomeViewController.swift */,
			);
			path = Home;
			sourceTree = "<group>";
		};
		0B9AD55E1F773572000CCDFE /* Views */ = {
			isa = PBXGroup;
			children = (
				0B9AD55F1F773584000CCDFE /* HomeView.swift */,
			);
			path = Views;
			sourceTree = "<group>";
		};
		1B88159ACF2CF6531BF52CF4 /* Frameworks */ = {
			isa = PBXGroup;
			children = (
				36908B06EF77815CF93009FD /* Pods_NewsFlash.framework */,
				EE918E83DDCC2E75FD6BE444 /* Pods_NewsFlashTests.framework */,
				D1C5BA058CFCF2975858F866 /* Pods_NewsFlashUITests.framework */,
			);
			name = Frameworks;
			sourceTree = "<group>";
		};
		5D6370F33975014A5FF1DE23 /* Pods */ = {
			isa = PBXGroup;
			children = (
				12163959B412F17C01943FC2 /* Pods-NewsFlash.debug.xcconfig */,
				4E2A0C107263B53224DD22DD /* Pods-NewsFlash.release.xcconfig */,
				0C7C1C14EBEECA50FEAD2653 /* Pods-NewsFlashTests.debug.xcconfig */,
				6FAAE8FEE4F80ACFD80442A3 /* Pods-NewsFlashTests.release.xcconfig */,
				44F537AE3A930228710EF974 /* Pods-NewsFlashUITests.debug.xcconfig */,
				F05B68B3DAACDB7E860310E1 /* Pods-NewsFlashUITests.release.xcconfig */,
			);
			name = Pods;
			sourceTree = "<group>";
		};
/* End PBXGroup section */

/* Begin PBXNativeTarget section */
		0B9AD5281F772987000CCDFE /* NewsFlash */ = {
			isa = PBXNativeTarget;
			buildConfigurationList = 0B9AD5511F772987000CCDFE /* Build configuration list for PBXNativeTarget "NewsFlash" */;
			buildPhases = (
				7E5B31B94E4345FFE53260FE /* [CP] Check Pods Manifest.lock */,
				0B9AD5251F772987000CCDFE /* Sources */,
				0B9AD5261F772987000CCDFE /* Frameworks */,
				0B9AD5271F772987000CCDFE /* Resources */,
				7B1F5352F08E2947C96F39DF /* [CP] Embed Pods Frameworks */,
				B0127D98F9FE08FBB134373C /* [CP] Copy Pods Resources */,
			);
			buildRules = (
			);
			dependencies = (
			);
			name = NewsFlash;
			productName = NewsFlash;
			productReference = 0B9AD5291F772987000CCDFE /* NewsFlash.app */;
			productType = "com.apple.product-type.application";
		};
		0B9AD53C1F772987000CCDFE /* NewsFlashTests */ = {
			isa = PBXNativeTarget;
			buildConfigurationList = 0B9AD5541F772987000CCDFE /* Build configuration list for PBXNativeTarget "NewsFlashTests" */;
			buildPhases = (
				937C36CA936635A5E24CEC2A /* [CP] Check Pods Manifest.lock */,
				0B9AD5391F772987000CCDFE /* Sources */,
				0B9AD53A1F772987000CCDFE /* Frameworks */,
				0B9AD53B1F772987000CCDFE /* Resources */,
				3D8C8C7767C38FBCD1DF381F /* [CP] Embed Pods Frameworks */,
				6C8CDC77FAED1155E76567FC /* [CP] Copy Pods Resources */,
			);
			buildRules = (
			);
			dependencies = (
				0B9AD53F1F772987000CCDFE /* PBXTargetDependency */,
			);
			name = NewsFlashTests;
			productName = NewsFlashTests;
			productReference = 0B9AD53D1F772987000CCDFE /* NewsFlashTests.xctest */;
			productType = "com.apple.product-type.bundle.unit-test";
		};
		0B9AD5471F772987000CCDFE /* NewsFlashUITests */ = {
			isa = PBXNativeTarget;
			buildConfigurationList = 0B9AD5571F772987000CCDFE /* Build configuration list for PBXNativeTarget "NewsFlashUITests" */;
			buildPhases = (
				5ADE0448F492D6F792B4FEC9 /* [CP] Check Pods Manifest.lock */,
				0B9AD5441F772987000CCDFE /* Sources */,
				0B9AD5451F772987000CCDFE /* Frameworks */,
				0B9AD5461F772987000CCDFE /* Resources */,
				B27DE86257CED30AF46264C9 /* [CP] Embed Pods Frameworks */,
				B1EA42C01E8FC6A4F82A9DDC /* [CP] Copy Pods Resources */,
			);
			buildRules = (
			);
			dependencies = (
				0B9AD54A1F772987000CCDFE /* PBXTargetDependency */,
			);
			name = NewsFlashUITests;
			productName = NewsFlashUITests;
			productReference = 0B9AD5481F772987000CCDFE /* NewsFlashUITests.xctest */;
			productType = "com.apple.product-type.bundle.ui-testing";
		};
/* End PBXNativeTarget section */

/* Begin PBXProject section */
		0B9AD5211F772987000CCDFE /* Project object */ = {
			isa = PBXProject;
			attributes = {
				LastSwiftUpdateCheck = 0900;
				LastUpgradeCheck = 0900;
				ORGANIZATIONNAME = "Thomas Le";
				TargetAttributes = {
					0B9AD5281F772987000CCDFE = {
						CreatedOnToolsVersion = 9.0;
						ProvisioningStyle = Automatic;
					};
					0B9AD53C1F772987000CCDFE = {
						CreatedOnToolsVersion = 9.0;
						ProvisioningStyle = Automatic;
						TestTargetID = 0B9AD5281F772987000CCDFE;
					};
					0B9AD5471F772987000CCDFE = {
						CreatedOnToolsVersion = 9.0;
						ProvisioningStyle = Automatic;
						TestTargetID = 0B9AD5281F772987000CCDFE;
					};
				};
			};
			buildConfigurationList = 0B9AD5241F772987000CCDFE /* Build configuration list for PBXProject "NewsFlash" */;
			compatibilityVersion = "Xcode 8.0";
			developmentRegion = en;
			hasScannedForEncodings = 0;
			knownRegions = (
				en,
				Base,
			);
			mainGroup = 0B9AD5201F772987000CCDFE;
			productRefGroup = 0B9AD52A1F772987000CCDFE /* Products */;
			projectDirPath = "";
			projectRoot = "";
			targets = (
				0B9AD5281F772987000CCDFE /* NewsFlash */,
				0B9AD53C1F772987000CCDFE /* NewsFlashTests */,
				0B9AD5471F772987000CCDFE /* NewsFlashUITests */,
			);
		};
/* End PBXProject section */

/* Begin PBXResourcesBuildPhase section */
		0B9AD5271F772987000CCDFE /* Resources */ = {
			isa = PBXResourcesBuildPhase;
			buildActionMask = 2147483647;
			files = (
				0B9AD5371F772987000CCDFE /* LaunchScreen.storyboard in Resources */,
				0B9AD5341F772987000CCDFE /* Assets.xcassets in Resources */,
			);
			runOnlyForDeploymentPostprocessing = 0;
		};
		0B9AD53B1F772987000CCDFE /* Resources */ = {
			isa = PBXResourcesBuildPhase;
			buildActionMask = 2147483647;
			files = (
			);
			runOnlyForDeploymentPostprocessing = 0;
		};
		0B9AD5461F772987000CCDFE /* Resources */ = {
			isa = PBXResourcesBuildPhase;
			buildActionMask = 2147483647;
			files = (
			);
			runOnlyForDeploymentPostprocessing = 0;
		};
/* End PBXResourcesBuildPhase section */

/* Begin PBXShellScriptBuildPhase section */
		3D8C8C7767C38FBCD1DF381F /* [CP] Embed Pods Frameworks */ = {
			isa = PBXShellScriptBuildPhase;
			buildActionMask = 2147483647;
			files = (
			);
			inputPaths = (
			);
			name = "[CP] Embed Pods Frameworks";
			outputPaths = (
			);
			runOnlyForDeploymentPostprocessing = 0;
			shellPath = /bin/sh;
			shellScript = "\"${SRCROOT}/Pods/Target Support Files/Pods-NewsFlashTests/Pods-NewsFlashTests-frameworks.sh\"\n";
			showEnvVarsInLog = 0;
		};
		5ADE0448F492D6F792B4FEC9 /* [CP] Check Pods Manifest.lock */ = {
			isa = PBXShellScriptBuildPhase;
			buildActionMask = 2147483647;
			files = (
			);
			inputPaths = (
				"${PODS_PODFILE_DIR_PATH}/Podfile.lock",
				"${PODS_ROOT}/Manifest.lock",
			);
			name = "[CP] Check Pods Manifest.lock";
			outputPaths = (
				"$(DERIVED_FILE_DIR)/Pods-NewsFlashUITests-checkManifestLockResult.txt",
			);
			runOnlyForDeploymentPostprocessing = 0;
			shellPath = /bin/sh;
			shellScript = "diff \"${PODS_PODFILE_DIR_PATH}/Podfile.lock\" \"${PODS_ROOT}/Manifest.lock\" > /dev/null\nif [ $? != 0 ] ; then\n    # print error to STDERR\n    echo \"error: The sandbox is not in sync with the Podfile.lock. Run 'pod install' or update your CocoaPods installation.\" >&2\n    exit 1\nfi\n# This output is used by Xcode 'outputs' to avoid re-running this script phase.\necho \"SUCCESS\" > \"${SCRIPT_OUTPUT_FILE_0}\"\n";
			showEnvVarsInLog = 0;
		};
		6C8CDC77FAED1155E76567FC /* [CP] Copy Pods Resources */ = {
			isa = PBXShellScriptBuildPhase;
			buildActionMask = 2147483647;
			files = (
			);
			inputPaths = (
			);
			name = "[CP] Copy Pods Resources";
			outputPaths = (
			);
			runOnlyForDeploymentPostprocessing = 0;
			shellPath = /bin/sh;
			shellScript = "\"${SRCROOT}/Pods/Target Support Files/Pods-NewsFlashTests/Pods-NewsFlashTests-resources.sh\"\n";
			showEnvVarsInLog = 0;
		};
		7B1F5352F08E2947C96F39DF /* [CP] Embed Pods Frameworks */ = {
			isa = PBXShellScriptBuildPhase;
			buildActionMask = 2147483647;
			files = (
			);
			inputPaths = (
				"${SRCROOT}/Pods/Target Support Files/Pods-NewsFlash/Pods-NewsFlash-frameworks.sh",
				"${BUILT_PRODUCTS_DIR}/SnapKit/SnapKit.framework",
			);
			name = "[CP] Embed Pods Frameworks";
			outputPaths = (
				"${TARGET_BUILD_DIR}/${FRAMEWORKS_FOLDER_PATH}/SnapKit.framework",
			);
			runOnlyForDeploymentPostprocessing = 0;
			shellPath = /bin/sh;
			shellScript = "\"${SRCROOT}/Pods/Target Support Files/Pods-NewsFlash/Pods-NewsFlash-frameworks.sh\"\n";
			showEnvVarsInLog = 0;
		};
		7E5B31B94E4345FFE53260FE /* [CP] Check Pods Manifest.lock */ = {
			isa = PBXShellScriptBuildPhase;
			buildActionMask = 2147483647;
			files = (
			);
			inputPaths = (
				"${PODS_PODFILE_DIR_PATH}/Podfile.lock",
				"${PODS_ROOT}/Manifest.lock",
			);
			name = "[CP] Check Pods Manifest.lock";
			outputPaths = (
				"$(DERIVED_FILE_DIR)/Pods-NewsFlash-checkManifestLockResult.txt",
			);
			runOnlyForDeploymentPostprocessing = 0;
			shellPath = /bin/sh;
			shellScript = "diff \"${PODS_PODFILE_DIR_PATH}/Podfile.lock\" \"${PODS_ROOT}/Manifest.lock\" > /dev/null\nif [ $? != 0 ] ; then\n    # print error to STDERR\n    echo \"error: The sandbox is not in sync with the Podfile.lock. Run 'pod install' or update your CocoaPods installation.\" >&2\n    exit 1\nfi\n# This output is used by Xcode 'outputs' to avoid re-running this script phase.\necho \"SUCCESS\" > \"${SCRIPT_OUTPUT_FILE_0}\"\n";
			showEnvVarsInLog = 0;
		};
		937C36CA936635A5E24CEC2A /* [CP] Check Pods Manifest.lock */ = {
			isa = PBXShellScriptBuildPhase;
			buildActionMask = 2147483647;
			files = (
			);
			inputPaths = (
				"${PODS_PODFILE_DIR_PATH}/Podfile.lock",
				"${PODS_ROOT}/Manifest.lock",
			);
			name = "[CP] Check Pods Manifest.lock";
			outputPaths = (
				"$(DERIVED_FILE_DIR)/Pods-NewsFlashTests-checkManifestLockResult.txt",
			);
			runOnlyForDeploymentPostprocessing = 0;
			shellPath = /bin/sh;
			shellScript = "diff \"${PODS_PODFILE_DIR_PATH}/Podfile.lock\" \"${PODS_ROOT}/Manifest.lock\" > /dev/null\nif [ $? != 0 ] ; then\n    # print error to STDERR\n    echo \"error: The sandbox is not in sync with the Podfile.lock. Run 'pod install' or update your CocoaPods installation.\" >&2\n    exit 1\nfi\n# This output is used by Xcode 'outputs' to avoid re-running this script phase.\necho \"SUCCESS\" > \"${SCRIPT_OUTPUT_FILE_0}\"\n";
			showEnvVarsInLog = 0;
		};
		B0127D98F9FE08FBB134373C /* [CP] Copy Pods Resources */ = {
			isa = PBXShellScriptBuildPhase;
			buildActionMask = 2147483647;
			files = (
			);
			inputPaths = (
			);
			name = "[CP] Copy Pods Resources";
			outputPaths = (
			);
			runOnlyForDeploymentPostprocessing = 0;
			shellPath = /bin/sh;
			shellScript = "\"${SRCROOT}/Pods/Target Support Files/Pods-NewsFlash/Pods-NewsFlash-resources.sh\"\n";
			showEnvVarsInLog = 0;
		};
		B1EA42C01E8FC6A4F82A9DDC /* [CP] Copy Pods Resources */ = {
			isa = PBXShellScriptBuildPhase;
			buildActionMask = 2147483647;
			files = (
			);
			inputPaths = (
			);
			name = "[CP] Copy Pods Resources";
			outputPaths = (
			);
			runOnlyForDeploymentPostprocessing = 0;
			shellPath = /bin/sh;
			shellScript = "\"${SRCROOT}/Pods/Target Support Files/Pods-NewsFlashUITests/Pods-NewsFlashUITests-resources.sh\"\n";
			showEnvVarsInLog = 0;
		};
		B27DE86257CED30AF46264C9 /* [CP] Embed Pods Frameworks */ = {
			isa = PBXShellScriptBuildPhase;
			buildActionMask = 2147483647;
			files = (
			);
			inputPaths = (
			);
			name = "[CP] Embed Pods Frameworks";
			outputPaths = (
			);
			runOnlyForDeploymentPostprocessing = 0;
			shellPath = /bin/sh;
			shellScript = "\"${SRCROOT}/Pods/Target Support Files/Pods-NewsFlashUITests/Pods-NewsFlashUITests-frameworks.sh\"\n";
			showEnvVarsInLog = 0;
		};
/* End PBXShellScriptBuildPhase section */

/* Begin PBXSourcesBuildPhase section */
		0B9AD5251F772987000CCDFE /* Sources */ = {
			isa = PBXSourcesBuildPhase;
			buildActionMask = 2147483647;
			files = (
				0B9AD5601F773584000CCDFE /* HomeView.swift in Sources */,
				0B9AD52D1F772987000CCDFE /* AppDelegate.swift in Sources */,
				0B9AD55D1F7731E1000CCDFE /* HomeViewController.swift in Sources */,
			);
			runOnlyForDeploymentPostprocessing = 0;
		};
		0B9AD5391F772987000CCDFE /* Sources */ = {
			isa = PBXSourcesBuildPhase;
			buildActionMask = 2147483647;
			files = (
				0B9AD5421F772987000CCDFE /* NewsFlashTests.swift in Sources */,
			);
			runOnlyForDeploymentPostprocessing = 0;
		};
		0B9AD5441F772987000CCDFE /* Sources */ = {
			isa = PBXSourcesBuildPhase;
			buildActionMask = 2147483647;
			files = (
				0B9AD54D1F772987000CCDFE /* NewsFlashUITests.swift in Sources */,
			);
			runOnlyForDeploymentPostprocessing = 0;
		};
/* End PBXSourcesBuildPhase section */

/* Begin PBXTargetDependency section */
		0B9AD53F1F772987000CCDFE /* PBXTargetDependency */ = {
			isa = PBXTargetDependency;
			target = 0B9AD5281F772987000CCDFE /* NewsFlash */;
			targetProxy = 0B9AD53E1F772987000CCDFE /* PBXContainerItemProxy */;
		};
		0B9AD54A1F772987000CCDFE /* PBXTargetDependency */ = {
			isa = PBXTargetDependency;
			target = 0B9AD5281F772987000CCDFE /* NewsFlash */;
			targetProxy = 0B9AD5491F772987000CCDFE /* PBXContainerItemProxy */;
		};
/* End PBXTargetDependency section */

/* Begin PBXVariantGroup section */
		0B9AD5351F772987000CCDFE /* LaunchScreen.storyboard */ = {
			isa = PBXVariantGroup;
			children = (
				0B9AD5361F772987000CCDFE /* Base */,
			);
			name = LaunchScreen.storyboard;
			sourceTree = "<group>";
		};
/* End PBXVariantGroup section */

/* Begin XCBuildConfiguration section */
		0B9AD54F1F772987000CCDFE /* Debug */ = {
			isa = XCBuildConfiguration;
			buildSettings = {
				ALWAYS_SEARCH_USER_PATHS = NO;
				CLANG_ANALYZER_NONNULL = YES;
				CLANG_ANALYZER_NUMBER_OBJECT_CONVERSION = YES_AGGRESSIVE;
				CLANG_CXX_LANGUAGE_STANDARD = "gnu++14";
				CLANG_CXX_LIBRARY = "libc++";
				CLANG_ENABLE_MODULES = YES;
				CLANG_ENABLE_OBJC_ARC = YES;
				CLANG_WARN_BLOCK_CAPTURE_AUTORELEASING = YES;
				CLANG_WARN_BOOL_CONVERSION = YES;
				CLANG_WARN_COMMA = YES;
				CLANG_WARN_CONSTANT_CONVERSION = YES;
				CLANG_WARN_DIRECT_OBJC_ISA_USAGE = YES_ERROR;
				CLANG_WARN_DOCUMENTATION_COMMENTS = YES;
				CLANG_WARN_EMPTY_BODY = YES;
				CLANG_WARN_ENUM_CONVERSION = YES;
				CLANG_WARN_INFINITE_RECURSION = YES;
				CLANG_WARN_INT_CONVERSION = YES;
				CLANG_WARN_NON_LITERAL_NULL_CONVERSION = YES;
				CLANG_WARN_OBJC_LITERAL_CONVERSION = YES;
				CLANG_WARN_OBJC_ROOT_CLASS = YES_ERROR;
				CLANG_WARN_RANGE_LOOP_ANALYSIS = YES;
				CLANG_WARN_STRICT_PROTOTYPES = YES;
				CLANG_WARN_SUSPICIOUS_MOVE = YES;
				CLANG_WARN_UNGUARDED_AVAILABILITY = YES_AGGRESSIVE;
				CLANG_WARN_UNREACHABLE_CODE = YES;
				CLANG_WARN__DUPLICATE_METHOD_MATCH = YES;
				CODE_SIGN_IDENTITY = "iPhone Developer";
				COPY_PHASE_STRIP = NO;
				DEBUG_INFORMATION_FORMAT = dwarf;
				ENABLE_STRICT_OBJC_MSGSEND = YES;
				ENABLE_TESTABILITY = YES;
				GCC_C_LANGUAGE_STANDARD = gnu11;
				GCC_DYNAMIC_NO_PIC = NO;
				GCC_NO_COMMON_BLOCKS = YES;
				GCC_OPTIMIZATION_LEVEL = 0;
				GCC_PREPROCESSOR_DEFINITIONS = (
					"DEBUG=1",
					"$(inherited)",
				);
				GCC_WARN_64_TO_32_BIT_CONVERSION = YES;
				GCC_WARN_ABOUT_RETURN_TYPE = YES_ERROR;
				GCC_WARN_UNDECLARED_SELECTOR = YES;
				GCC_WARN_UNINITIALIZED_AUTOS = YES_AGGRESSIVE;
				GCC_WARN_UNUSED_FUNCTION = YES;
				GCC_WARN_UNUSED_VARIABLE = YES;
				IPHONEOS_DEPLOYMENT_TARGET = 11.0;
				MTL_ENABLE_DEBUG_INFO = YES;
				ONLY_ACTIVE_ARCH = YES;
				SDKROOT = iphoneos;
				SWIFT_ACTIVE_COMPILATION_CONDITIONS = DEBUG;
				SWIFT_OPTIMIZATION_LEVEL = "-Onone";
			};
			name = Debug;
		};
		0B9AD5501F772987000CCDFE /* Release */ = {
			isa = XCBuildConfiguration;
			buildSettings = {
				ALWAYS_SEARCH_USER_PATHS = NO;
				CLANG_ANALYZER_NONNULL = YES;
				CLANG_ANALYZER_NUMBER_OBJECT_CONVERSION = YES_AGGRESSIVE;
				CLANG_CXX_LANGUAGE_STANDARD = "gnu++14";
				CLANG_CXX_LIBRARY = "libc++";
				CLANG_ENABLE_MODULES = YES;
				CLANG_ENABLE_OBJC_ARC = YES;
				CLANG_WARN_BLOCK_CAPTURE_AUTORELEASING = YES;
				CLANG_WARN_BOOL_CONVERSION = YES;
				CLANG_WARN_COMMA = YES;
				CLANG_WARN_CONSTANT_CONVERSION = YES;
				CLANG_WARN_DIRECT_OBJC_ISA_USAGE = YES_ERROR;
				CLANG_WARN_DOCUMENTATION_COMMENTS = YES;
				CLANG_WARN_EMPTY_BODY = YES;
				CLANG_WARN_ENUM_CONVERSION = YES;
				CLANG_WARN_INFINITE_RECURSION = YES;
				CLANG_WARN_INT_CONVERSION = YES;
				CLANG_WARN_NON_LITERAL_NULL_CONVERSION = YES;
				CLANG_WARN_OBJC_LITERAL_CONVERSION = YES;
				CLANG_WARN_OBJC_ROOT_CLASS = YES_ERROR;
				CLANG_WARN_RANGE_LOOP_ANALYSIS = YES;
				CLANG_WARN_STRICT_PROTOTYPES = YES;
				CLANG_WARN_SUSPICIOUS_MOVE = YES;
				CLANG_WARN_UNGUARDED_AVAILABILITY = YES_AGGRESSIVE;
				CLANG_WARN_UNREACHABLE_CODE = YES;
				CLANG_WARN__DUPLICATE_METHOD_MATCH = YES;
				CODE_SIGN_IDENTITY = "iPhone Developer";
				COPY_PHASE_STRIP = NO;
				DEBUG_INFORMATION_FORMAT = "dwarf-with-dsym";
				ENABLE_NS_ASSERTIONS = NO;
				ENABLE_STRICT_OBJC_MSGSEND = YES;
				GCC_C_LANGUAGE_STANDARD = gnu11;
				GCC_NO_COMMON_BLOCKS = YES;
				GCC_WARN_64_TO_32_BIT_CONVERSION = YES;
				GCC_WARN_ABOUT_RETURN_TYPE = YES_ERROR;
				GCC_WARN_UNDECLARED_SELECTOR = YES;
				GCC_WARN_UNINITIALIZED_AUTOS = YES_AGGRESSIVE;
				GCC_WARN_UNUSED_FUNCTION = YES;
				GCC_WARN_UNUSED_VARIABLE = YES;
				IPHONEOS_DEPLOYMENT_TARGET = 11.0;
				MTL_ENABLE_DEBUG_INFO = NO;
				SDKROOT = iphoneos;
				SWIFT_OPTIMIZATION_LEVEL = "-Owholemodule";
				VALIDATE_PRODUCT = YES;
			};
			name = Release;
		};
		0B9AD5521F772987000CCDFE /* Debug */ = {
			isa = XCBuildConfiguration;
			baseConfigurationReference = 12163959B412F17C01943FC2 /* Pods-NewsFlash.debug.xcconfig */;
			buildSettings = {
				ASSETCATALOG_COMPILER_APPICON_NAME = AppIcon;
				CODE_SIGN_STYLE = Automatic;
				DEVELOPMENT_TEAM = D257YZMABH;
				INFOPLIST_FILE = NewsFlash/Info.plist;
				LD_RUNPATH_SEARCH_PATHS = "$(inherited) @executable_path/Frameworks";
				PRODUCT_BUNDLE_IDENTIFIER = com.thomasle.NewsFlash;
				PRODUCT_NAME = "$(TARGET_NAME)";
				SWIFT_VERSION = 4.0;
				TARGETED_DEVICE_FAMILY = "1,2";
			};
			name = Debug;
		};
		0B9AD5531F772987000CCDFE /* Release */ = {
			isa = XCBuildConfiguration;
			baseConfigurationReference = 4E2A0C107263B53224DD22DD /* Pods-NewsFlash.release.xcconfig */;
			buildSettings = {
				ASSETCATALOG_COMPILER_APPICON_NAME = AppIcon;
				CODE_SIGN_STYLE = Automatic;
				DEVELOPMENT_TEAM = D257YZMABH;
				INFOPLIST_FILE = NewsFlash/Info.plist;
				LD_RUNPATH_SEARCH_PATHS = "$(inherited) @executable_path/Frameworks";
				PRODUCT_BUNDLE_IDENTIFIER = com.thomasle.NewsFlash;
				PRODUCT_NAME = "$(TARGET_NAME)";
				SWIFT_VERSION = 4.0;
				TARGETED_DEVICE_FAMILY = "1,2";
			};
			name = Release;
		};
		0B9AD5551F772987000CCDFE /* Debug */ = {
			isa = XCBuildConfiguration;
			baseConfigurationReference = 0C7C1C14EBEECA50FEAD2653 /* Pods-NewsFlashTests.debug.xcconfig */;
			buildSettings = {
				ALWAYS_EMBED_SWIFT_STANDARD_LIBRARIES = YES;
				BUNDLE_LOADER = "$(TEST_HOST)";
				CODE_SIGN_STYLE = Automatic;
				DEVELOPMENT_TEAM = D257YZMABH;
				INFOPLIST_FILE = NewsFlashTests/Info.plist;
				LD_RUNPATH_SEARCH_PATHS = "$(inherited) @executable_path/Frameworks @loader_path/Frameworks";
				PRODUCT_BUNDLE_IDENTIFIER = com.thomasle.NewsFlashTests;
				PRODUCT_NAME = "$(TARGET_NAME)";
				SWIFT_VERSION = 4.0;
				TARGETED_DEVICE_FAMILY = "1,2";
				TEST_HOST = "$(BUILT_PRODUCTS_DIR)/NewsFlash.app/NewsFlash";
			};
			name = Debug;
		};
		0B9AD5561F772987000CCDFE /* Release */ = {
			isa = XCBuildConfiguration;
			baseConfigurationReference = 6FAAE8FEE4F80ACFD80442A3 /* Pods-NewsFlashTests.release.xcconfig */;
			buildSettings = {
				ALWAYS_EMBED_SWIFT_STANDARD_LIBRARIES = YES;
				BUNDLE_LOADER = "$(TEST_HOST)";
				CODE_SIGN_STYLE = Automatic;
				DEVELOPMENT_TEAM = D257YZMABH;
				INFOPLIST_FILE = NewsFlashTests/Info.plist;
				LD_RUNPATH_SEARCH_PATHS = "$(inherited) @executable_path/Frameworks @loader_path/Frameworks";
				PRODUCT_BUNDLE_IDENTIFIER = com.thomasle.NewsFlashTests;
				PRODUCT_NAME = "$(TARGET_NAME)";
				SWIFT_VERSION = 4.0;
				TARGETED_DEVICE_FAMILY = "1,2";
				TEST_HOST = "$(BUILT_PRODUCTS_DIR)/NewsFlash.app/NewsFlash";
			};
			name = Release;
		};
		0B9AD5581F772987000CCDFE /* Debug */ = {
			isa = XCBuildConfiguration;
			baseConfigurationReference = 44F537AE3A930228710EF974 /* Pods-NewsFlashUITests.debug.xcconfig */;
			buildSettings = {
				ALWAYS_EMBED_SWIFT_STANDARD_LIBRARIES = YES;
				CODE_SIGN_STYLE = Automatic;
				DEVELOPMENT_TEAM = D257YZMABH;
				INFOPLIST_FILE = NewsFlashUITests/Info.plist;
				LD_RUNPATH_SEARCH_PATHS = "$(inherited) @executable_path/Frameworks @loader_path/Frameworks";
				PRODUCT_BUNDLE_IDENTIFIER = com.thomasle.NewsFlashUITests;
				PRODUCT_NAME = "$(TARGET_NAME)";
				SWIFT_VERSION = 4.0;
				TARGETED_DEVICE_FAMILY = "1,2";
				TEST_TARGET_NAME = NewsFlash;
			};
			name = Debug;
		};
		0B9AD5591F772987000CCDFE /* Release */ = {
			isa = XCBuildConfiguration;
			baseConfigurationReference = F05B68B3DAACDB7E860310E1 /* Pods-NewsFlashUITests.release.xcconfig */;
			buildSettings = {
				ALWAYS_EMBED_SWIFT_STANDARD_LIBRARIES = YES;
				CODE_SIGN_STYLE = Automatic;
				DEVELOPMENT_TEAM = D257YZMABH;
				INFOPLIST_FILE = NewsFlashUITests/Info.plist;
				LD_RUNPATH_SEARCH_PATHS = "$(inherited) @executable_path/Frameworks @loader_path/Frameworks";
				PRODUCT_BUNDLE_IDENTIFIER = com.thomasle.NewsFlashUITests;
				PRODUCT_NAME = "$(TARGET_NAME)";
				SWIFT_VERSION = 4.0;
				TARGETED_DEVICE_FAMILY = "1,2";
				TEST_TARGET_NAME = NewsFlash;
			};
			name = Release;
		};
/* End XCBuildConfiguration section */

/* Begin XCConfigurationList section */
		0B9AD5241F772987000CCDFE /* Build configuration list for PBXProject "NewsFlash" */ = {
			isa = XCConfigurationList;
			buildConfigurations = (
				0B9AD54F1F772987000CCDFE /* Debug */,
				0B9AD5501F772987000CCDFE /* Release */,
			);
			defaultConfigurationIsVisible = 0;
			defaultConfigurationName = Release;
		};
		0B9AD5511F772987000CCDFE /* Build configuration list for PBXNativeTarget "NewsFlash" */ = {
			isa = XCConfigurationList;
			buildConfigurations = (
				0B9AD5521F772987000CCDFE /* Debug */,
				0B9AD5531F772987000CCDFE /* Release */,
			);
			defaultConfigurationIsVisible = 0;
			defaultConfigurationName = Release;
		};
		0B9AD5541F772987000CCDFE /* Build configuration list for PBXNativeTarget "NewsFlashTests" */ = {
			isa = XCConfigurationList;
			buildConfigurations = (
				0B9AD5551F772987000CCDFE /* Debug */,
				0B9AD5561F772987000CCDFE /* Release */,
			);
			defaultConfigurationIsVisible = 0;
			defaultConfigurationName = Release;
		};
		0B9AD5571F772987000CCDFE /* Build configuration list for PBXNativeTarget "NewsFlashUITests" */ = {
			isa = XCConfigurationList;
			buildConfigurations = (
				0B9AD5581F772987000CCDFE /* Debug */,
				0B9AD5591F772987000CCDFE /* Release */,
			);
			defaultConfigurationIsVisible = 0;
			defaultConfigurationName = Release;
		};
/* End XCConfigurationList section */
	};
	rootObject = 0B9AD5211F772987000CCDFE /* Project object */;
}
